Microsoft Visual Studio Solution File, Format Version 11.00
# Visual Studio 2008

Project("{258074CD-AF82-61FA-BB3B-898BDA1E5055}") = "LawnDart", "Assembly-CSharp.csproj", "{1BF94DF6-6464-FA27-0D44-1AFDF95CCBFD}"
EndProject
Global
	GlobalSection(SolutionConfigurationPlatforms) = preSolution
		Debug|Any CPU = Debug|Any CPU
		Release|Any CPU = Release|Any CPU
	EndGlobalSection
	GlobalSection(ProjectConfigurationPlatforms) = postSolution
		{1BF94DF6-6464-FA27-0D44-1AFDF95CCBFD}.Debug|Any CPU.ActiveCfg = Debug|Any CPU
		{1BF94DF6-6464-FA27-0D44-1AFDF95CCBFD}.Debug|Any CPU.Build.0 = Debug|Any CPU
		{1BF94DF6-6464-FA27-0D44-1AFDF95CCBFD}.Release|Any CPU.ActiveCfg = Release|Any CPU
		{1BF94DF6-6464-FA27-0D44-1AFDF95CCBFD}.Release|Any CPU.Build.0 = Release|Any CPU
	EndGlobalSection
	GlobalSection(SolutionProperties) = preSolution
		HideSolutionNode = FALSE
	EndGlobalSection
	GlobalSection(MonoDevelopProperties) = preSolution
		StartupItem = Assembly-CSharp.csproj
	EndGlobalSection
EndGlobal
